// !$*UTF8*$!
{
	archiveVersion = 1;
	classes = {
	};
	objectVersion = 46;
	objects = {

/* Begin PBXBuildFile section */
		C0880F501BDEB133001575D1 /* AppDelegate.swift in Sources */ = {isa = PBXBuildFile; fileRef = C0880F4F1BDEB133001575D1 /* AppDelegate.swift */; };
		C0880F521BDEB133001575D1 /* ViewController.swift in Sources */ = {isa = PBXBuildFile; fileRef = C0880F511BDEB133001575D1 /* ViewController.swift */; };
		C0880F551BDEB133001575D1 /* Main.storyboard in Resources */ = {isa = PBXBuildFile; fileRef = C0880F531BDEB133001575D1 /* Main.storyboard */; };
		C0880F571BDEB133001575D1 /* Images.xcassets in Resources */ = {isa = PBXBuildFile; fileRef = C0880F561BDEB133001575D1 /* Images.xcassets */; };
		C0880F5A1BDEB133001575D1 /* LaunchScreen.xib in Resources */ = {isa = PBXBuildFile; fileRef = C0880F581BDEB133001575D1 /* LaunchScreen.xib */; };
		C0880F661BDEB133001575D1 /* tipzTests.swift in Sources */ = {isa = PBXBuildFile; fileRef = C0880F651BDEB133001575D1 /* tipzTests.swift */; };
/* End PBXBuildFile section */

/* Begin PBXContainerItemProxy section */
		C0880F601BDEB133001575D1 /* PBXContainerItemProxy */ = {
			isa = PBXContainerItemProxy;
			containerPortal = C0880F421BDEB133001575D1 /* Project object */;
			proxyType = 1;
			remoteGlobalIDString = C0880F491BDEB133001575D1;
			remoteInfo = tipz;
		};
/* End PBXContainerItemProxy section */

/* Begin PBXFileReference section */
		C0880F4A1BDEB133001575D1 /* tipz.app */ = {isa = PBXFileReference; explicitFileType = wrapper.application; includeInIndex = 0; path = tipz.app; sourceTree = BUILT_PRODUCTS_DIR; };
		C0880F4E1BDEB133001575D1 /* Info.plist */ = {isa = PBXFileReference; lastKnownFileType = text.plist.xml; path = Info.plist; sourceTree = "<group>"; };
		C0880F4F1BDEB133001575D1 /* AppDelegate.swift */ = {isa = PBXFileReference; lastKnownFileType = sourcecode.swift; path = AppDelegate.swift; sourceTree = "<group>"; };
		C0880F511BDEB133001575D1 /* ViewController.swift */ = {isa = PBXFileReference; lastKnownFileType = sourcecode.swift; path = ViewController.swift; sourceTree = "<group>"; };
		C0880F541BDEB133001575D1 /* Base */ = {isa = PBXFileReference; lastKnownFileType = file.storyboard; name = Base; path = Base.lproj/Main.storyboard; sourceTree = "<group>"; };
		C0880F561BDEB133001575D1 /* Images.xcassets */ = {isa = PBXFileReference; lastKnownFileType = folder.assetcatalog; path = Images.xcassets; sourceTree = "<group>"; };
		C0880F591BDEB133001575D1 /* Base */ = {isa = PBXFileReference; lastKnownFileType = file.xib; name = Base; path = Base.lproj/LaunchScreen.xib; sourceTree = "<group>"; };
		C0880F5F1BDEB133001575D1 /* tipzTests.xctest */ = {isa = PBXFileReference; explicitFileType = wrapper.cfbundle; includeInIndex = 0; path = tipzTests.xctest; sourceTree = BUILT_PRODUCTS_DIR; };
		C0880F641BDEB133001575D1 /* Info.plist */ = {isa = PBXFileReference; lastKnownFileType = text.plist.xml; path = Info.plist; sourceTree = "<group>"; };
		C0880F651BDEB133001575D1 /* tipzTests.swift */ = {isa = PBXFileReference; lastKnownFileType = sourcecode.swift; path = tipzTests.swift; sourceTree = "<group>"; };
/* End PBXFileReference section */

/* Begin PBXFrameworksBuildPhase section */
		C0880F471BDEB133001575D1 /* Frameworks */ = {
			isa = PBXFrameworksBuildPhase;
			buildActionMask = 2147483647;
			files = (
			);
			runOnlyForDeploymentPostprocessing = 0;
		};
		C0880F5C1BDEB133001575D1 /* Frameworks */ = {
			isa = PBXFrameworksBuildPhase;
			buildActionMask = 2147483647;
			files = (
			);
			runOnlyForDeploymentPostprocessing = 0;
		};
/* End PBXFrameworksBuildPhase section */

/* Begin PBXGroup section */
		C0880F411BDEB133001575D1 = {
			isa = PBXGroup;
			children = (
				C0880F4C1BDEB133001575D1 /* tipz */,
				C0880F621BDEB133001575D1 /* tipzTests */,
				C0880F4B1BDEB133001575D1 /* Products */,
			);
			sourceTree = "<group>";
		};
		C0880F4B1BDEB133001575D1 /* Products */ = {
			isa = PBXGroup;
			children = (
				C0880F4A1BDEB133001575D1 /* tipz.app */,
				C0880F5F1BDEB133001575D1 /* tipzTests.xctest */,
			);
			name = Products;
			sourceTree = "<group>";
		};
		C0880F4C1BDEB133001575D1 /* tipz */ = {
			isa = PBXGroup;
			children = (
				C0880F4F1BDEB133001575D1 /* AppDelegate.swift */,
				C0880F511BDEB133001575D1 /* ViewController.swift */,
				C0880F531BDEB133001575D1 /* Main.storyboard */,
				C0880F561BDEB133001575D1 /* Images.xcassets */,
				C0880F581BDEB133001575D1 /* LaunchScreen.xib */,
				C0880F4D1BDEB133001575D1 /* Supporting Files */,
			);
			path = tipz;
			sourceTree = "<group>";
		};
		C0880F4D1BDEB133001575D1 /* Supporting Files */ = {
			isa = PBXGroup;
			children = (
				C0880F4E1BDEB133001575D1 /* Info.plist */,
			);
			name = "Supporting Files";
			sourceTree = "<group>";
		};
		C0880F621BDEB133001575D1 /* tipzTests */ = {
			isa = PBXGroup;
			children = (
				C0880F651BDEB133001575D1 /* tipzTests.swift */,
				C0880F631BDEB133001575D1 /* Supporting Files */,
			);
			path = tipzTests;
			sourceTree = "<group>";
		};
		C0880F631BDEB133001575D1 /* Supporting Files */ = {
			isa = PBXGroup;
			children = (
				C0880F641BDEB133001575D1 /* Info.plist */,
			);
			name = "Supporting Files";
			sourceTree = "<group>";
		};
/* End PBXGroup section */

/* Begin PBXNativeTarget section */
		C0880F491BDEB133001575D1 /* tipz */ = {
			isa = PBXNativeTarget;
			buildConfigurationList = C0880F691BDEB133001575D1 /* Build configuration list for PBXNativeTarget "tipz" */;
			buildPhases = (
				C0880F461BDEB133001575D1 /* Sources */,
				C0880F471BDEB133001575D1 /* Frameworks */,
				C0880F481BDEB133001575D1 /* Resources */,
			);
			buildRules = (
			);
			dependencies = (
			);
			name = tipz;
			productName = tipz;
			productReference = C0880F4A1BDEB133001575D1 /* tipz.app */;
			productType = "com.apple.product-type.application";
		};
		C0880F5E1BDEB133001575D1 /* tipzTests */ = {
			isa = PBXNativeTarget;
			buildConfigurationList = C0880F6C1BDEB133001575D1 /* Build configuration list for PBXNativeTarget "tipzTests" */;
			buildPhases = (
				C0880F5B1BDEB133001575D1 /* Sources */,
				C0880F5C1BDEB133001575D1 /* Frameworks */,
				C0880F5D1BDEB133001575D1 /* Resources */,
			);
			buildRules = (
			);
			dependencies = (
				C0880F611BDEB133001575D1 /* PBXTargetDependency */,
			);
			name = tipzTests;
			productName = tipzTests;
			productReference = C0880F5F1BDEB133001575D1 /* tipzTests.xctest */;
			productType = "com.apple.product-type.bundle.unit-test";
		};
/* End PBXNativeTarget section */

/* Begin PBXProject section */
		C0880F421BDEB133001575D1 /* Project object */ = {
			isa = PBXProject;
			attributes = {
				LastUpgradeCheck = 0630;
				ORGANIZATIONNAME = "Mariannina Viggi";
				TargetAttributes = {
					C0880F491BDEB133001575D1 = {
						CreatedOnToolsVersion = 6.3.1;
					};
					C0880F5E1BDEB133001575D1 = {
						CreatedOnToolsVersion = 6.3.1;
						TestTargetID = C0880F491BDEB133001575D1;
					};
				};
			};
			buildConfigurationList = C0880F451BDEB133001575D1 /* Build configuration list for PBXProject "tipz" */;
			compatibilityVersion = "Xcode 3.2";
			developmentRegion = English;
			hasScannedForEncodings = 0;
			knownRegions = (
				en,
				Base,
			);
			mainGroup = C0880F411BDEB133001575D1;
			productRefGroup = C0880F4B1BDEB133001575D1 /* Products */;
			projectDirPath = "";
			projectRoot = "";
			targets = (
				C0880F491BDEB133001575D1 /* tipz */,
				C0880F5E1BDEB133001575D1 /* tipzTests */,
			);
		};
/* End PBXProject section */

/* Begin PBXResourcesBuildPhase section */
		C0880F481BDEB133001575D1 /* Resources */ = {
			isa = PBXResourcesBuildPhase;
			buildActionMask = 2147483647;
			files = (
				C0880F551BDEB133001575D1 /* Main.storyboard in Resources */,
				C0880F5A1BDEB133001575D1 /* LaunchScreen.xib in Resources */,
				C0880F571BDEB133001575D1 /* Images.xcassets in Resources */,
			);
			runOnlyForDeploymentPostprocessing = 0;
		};
		C0880F5D1BDEB133001575D1 /* Resources */ = {
			isa = PBXResourcesBuildPhase;
			buildActionMask = 2147483647;
			files = (
			);
			runOnlyForDeploymentPostprocessing = 0;
		};
/* End PBXResourcesBuildPhase section */

/* Begin PBXSourcesBuildPhase section */
		C0880F461BDEB133001575D1 /* Sources */ = {
			isa = PBXSourcesBuildPhase;
			buildActionMask = 2147483647;
			files = (
				C0880F521BDEB133001575D1 /* ViewController.swift in Sources */,
				C0880F501BDEB133001575D1 /* AppDelegate.swift in Sources */,
			);
			runOnlyForDeploymentPostprocessing = 0;
		};
		C0880F5B1BDEB133001575D1 /* Sources */ = {
			isa = PBXSourcesBuildPhase;
			buildActionMask = 2147483647;
			files = (
				C0880F661BDEB133001575D1 /* tipzTests.swift in Sources */,
			);
			runOnlyForDeploymentPostprocessing = 0;
		};
/* End PBXSourcesBuildPhase section */

/* Begin PBXTargetDependency section */
		C0880F611BDEB133001575D1 /* PBXTargetDependency */ = {
			isa = PBXTargetDependency;
			target = C0880F491BDEB133001575D1 /* tipz */;
			targetProxy = C0880F601BDEB133001575D1 /* PBXContainerItemProxy */;
		};
/* End PBXTargetDependency section */

/* Begin PBXVariantGroup section */
		C0880F531BDEB133001575D1 /* Main.storyboard */ = {
			isa = PBXVariantGroup;
			children = (
				C0880F541BDEB133001575D1 /* Base */,
			);
			name = Main.storyboard;
			sourceTree = "<group>";
		};
		C0880F581BDEB133001575D1 /* LaunchScreen.xib */ = {
			isa = PBXVariantGroup;
			children = (
				C0880F591BDEB133001575D1 /* Base */,
			);
			name = LaunchScreen.xib;
			sourceTree = "<group>";
		};
/* End PBXVariantGroup section */

/* Begin XCBuildConfiguration section */
		C0880F671BDEB133001575D1 /* Debug */ = {
			isa = XCBuildConfiguration;
			buildSettings = {
				ALWAYS_SEARCH_USER_PATHS = NO;
				CLANG_CXX_LANGUAGE_STANDARD = "gnu++0x";
				CLANG_CXX_LIBRARY = "libc++";
				CLANG_ENABLE_MODULES = YES;
				CLANG_ENABLE_OBJC_ARC = YES;
				CLANG_WARN_BOOL_CONVERSION = YES;
				CLANG_WARN_CONSTANT_CONVERSION = YES;
				CLANG_WARN_DIRECT_OBJC_ISA_USAGE = YES_ERROR;
				CLANG_WARN_EMPTY_BODY = YES;
				CLANG_WARN_ENUM_CONVERSION = YES;
				CLANG_WARN_INT_CONVERSION = YES;
				CLANG_WARN_OBJC_ROOT_CLASS = YES_ERROR;
				CLANG_WARN_UNREACHABLE_CODE = YES;
				CLANG_WARN__DUPLICATE_METHOD_MATCH = YES;
				"CODE_SIGN_IDENTITY[sdk=iphoneos*]" = "iPhone Developer";
				COPY_PHASE_STRIP = NO;
				DEBUG_INFORMATION_FORMAT = "dwarf-with-dsym";
				ENABLE_STRICT_OBJC_MSGSEND = YES;
				GCC_C_LANGUAGE_STANDARD = gnu99;
				GCC_DYNAMIC_NO_PIC = NO;
				GCC_NO_COMMON_BLOCKS = YES;
				GCC_OPTIMIZATION_LEVEL = 0;
				GCC_PREPROCESSOR_DEFINITIONS = (
					"DEBUG=1",
					"$(inherited)",
				);
				GCC_SYMBOLS_PRIVATE_EXTERN = NO;
				GCC_WARN_64_TO_32_BIT_CONVERSION = YES;
				GCC_WARN_ABOUT_RETURN_TYPE = YES_ERROR;
				GCC_WARN_UNDECLARED_SELECTOR = YES;
				GCC_WARN_UNINITIALIZED_AUTOS = YES_AGGRESSIVE;
				GCC_WARN_UNUSED_FUNCTION = YES;
				GCC_WARN_UNUSED_VARIABLE = YES;
				IPHONEOS_DEPLOYMENT_TARGET = 8.3;
				MTL_ENABLE_DEBUG_INFO = YES;
				ONLY_ACTIVE_ARCH = YES;
				SDKROOT = iphoneos;
				SWIFT_OPTIMIZATION_LEVEL = "-Onone";
			};
			name = Debug;
		};
		C0880F681BDEB133001575D1 /* Release */ = {
			isa = XCBuildConfiguration;
			buildSettings = {
				ALWAYS_SEARCH_USER_PATHS = NO;
				CLANG_CXX_LANGUAGE_STANDARD = "gnu++0x";
				CLANG_CXX_LIBRARY = "libc++";
				CLANG_ENABLE_MODULES = YES;
				CLANG_ENABLE_OBJC_ARC = YES;
				CLANG_WARN_BOOL_CONVERSION = YES;
				CLANG_WARN_CONSTANT_CONVERSION = YES;
				CLANG_WARN_DIRECT_OBJC_ISA_USAGE = YES_ERROR;
				CLANG_WARN_EMPTY_BODY = YES;
				CLANG_WARN_ENUM_CONVERSION = YES;
				CLANG_WARN_INT_CONVERSION = YES;
				CLANG_WARN_OBJC_ROOT_CLASS = YES_ERROR;
				CLANG_WARN_UNREACHABLE_CODE = YES;
				CLANG_WARN__DUPLICATE_METHOD_MATCH = YES;
				"CODE_SIGN_IDENTITY[sdk=iphoneos*]" = "iPhone Developer";
				COPY_PHASE_STRIP = NO;
				DEBUG_INFORMATION_FORMAT = "dwarf-with-dsym";
				ENABLE_NS_ASSERTIONS = NO;
				ENABLE_STRICT_OBJC_MSGSEND = YES;
				GCC_C_LANGUAGE_STANDARD = gnu99;
				GCC_NO_COMMON_BLOCKS = YES;
				GCC_WARN_64_TO_32_BIT_CONVERSION = YES;
				GCC_WARN_ABOUT_RETURN_TYPE = YES_ERROR;
				GCC_WARN_UNDECLARED_SELECTOR = YES;
				GCC_WARN_UNINITIALIZED_AUTOS = YES_AGGRESSIVE;
				GCC_WARN_UNUSED_FUNCTION = YES;
				GCC_WARN_UNUSED_VARIABLE = YES;
				IPHONEOS_DEPLOYMENT_TARGET = 8.3;
				MTL_ENABLE_DEBUG_INFO = NO;
				SDKROOT = iphoneos;
				VALIDATE_PRODUCT = YES;
			};
			name = Release;
		};
		C0880F6A1BDEB133001575D1 /* Debug */ = {
			isa = XCBuildConfiguration;
			buildSettings = {
				ASSETCATALOG_COMPILER_APPICON_NAME = AppIcon;
				INFOPLIST_FILE = tipz/Info.plist;
				LD_RUNPATH_SEARCH_PATHS = "$(inherited) @executable_path/Frameworks";
				PRODUCT_NAME = "$(TARGET_NAME)";
			};
			name = Debug;
		};
		C0880F6B1BDEB133001575D1 /* Release */ = {
			isa = XCBuildConfiguration;
			buildSettings = {
				ASSETCATALOG_COMPILER_APPICON_NAME = AppIcon;
				INFOPLIST_FILE = tipz/Info.plist;
				LD_RUNPATH_SEARCH_PATHS = "$(inherited) @executable_path/Frameworks";
				PRODUCT_NAME = "$(TARGET_NAME)";
			};
			name = Release;
		};
		C0880F6D1BDEB133001575D1 /* Debug */ = {
			isa = XCBuildConfiguration;
			buildSettings = {
				BUNDLE_LOADER = "$(TEST_HOST)";
				FRAMEWORK_SEARCH_PATHS = (
					"$(SDKROOT)/Developer/Library/Frameworks",
					"$(inherited)",
				);
				GCC_PREPROCESSOR_DEFINITIONS = (
					"DEBUG=1",
					"$(inherited)",
				);
				INFOPLIST_FILE = tipzTests/Info.plist;
				LD_RUNPATH_SEARCH_PATHS = "$(inherited) @executable_path/Frameworks @loader_path/Frameworks";
				PRODUCT_NAME = "$(TARGET_NAME)";
				TEST_HOST = "$(BUILT_PRODUCTS_DIR)/tipz.app/tipz";
			};
			name = Debug;
		};
		C0880F6E1BDEB133001575D1 /* Release */ = {
			isa = XCBuildConfiguration;
			buildSettings = {
				BUNDLE_LOADER = "$(TEST_HOST)";
				FRAMEWORK_SEARCH_PATHS = (
					"$(SDKROOT)/Developer/Library/Frameworks",
					"$(inherited)",
				);
				INFOPLIST_FILE = tipzTests/Info.plist;
				LD_RUNPATH_SEARCH_PATHS = "$(inherited) @executable_path/Frameworks @loader_path/Frameworks";
				PRODUCT_NAME = "$(TARGET_NAME)";
				TEST_HOST = "$(BUILT_PRODUCTS_DIR)/tipz.app/tipz";
			};
			name = Release;
		};
/* End XCBuildConfiguration section */

/* Begin XCConfigurationList section */
		C0880F451BDEB133001575D1 /* Build configuration list for PBXProject "tipz" */ = {
			isa = XCConfigurationList;
			buildConfigurations = (
				C0880F671BDEB133001575D1 /* Debug */,
				C0880F681BDEB133001575D1 /* Release */,
			);
			defaultConfigurationIsVisible = 0;
			defaultConfigurationName = Release;
		};
		C0880F691BDEB133001575D1 /* Build configuration list for PBXNativeTarget "tipz" */ = {
			isa = XCConfigurationList;
			buildConfigurations = (
				C0880F6A1BDEB133001575D1 /* Debug */,
				C0880F6B1BDEB133001575D1 /* Release */,
			);
			defaultConfigurationIsVisible = 0;
		};
		C0880F6C1BDEB133001575D1 /* Build configuration list for PBXNativeTarget "tipzTests" */ = {
			isa = XCConfigurationList;
			buildConfigurations = (
				C0880F6D1BDEB133001575D1 /* Debug */,
				C0880F6E1BDEB133001575D1 /* Release */,
			);
			defaultConfigurationIsVisible = 0;
		};
/* End XCConfigurationList section */
	};
	rootObject = C0880F421BDEB133001575D1 /* Project object */;
}
